PODS:
  - FBAEMKit (18.1.1):
    - FBSDKCoreKit_Basics (= 18.1.1)
  - FBSDKCoreKit (18.1.1):
    - FBAEMKit (= 18.1.1)
    - FBSDKCoreKit_Basics (= 18.1.1)
  - FBSDKCoreKit_Basics (18.1.1)
  - FBSDKShareKit (18.1.1):
    - FBSDKCoreKit (= 18.1.1)
  - Flutter (1.0.0)
  - flutter_google_places_sdk_ios (0.0.3):
    - Flutter
    - GooglePlaces (~> 8.5.0)
  - flutter_social_share_plus (1.0.0):
    - FBSDKCoreKit (~> 18.1)
    - FBSDKShareKit (~> 18.1)
    - Flutter
  - geocoding_darwin (0.0.1):
    - Flutter
    - FlutterMacOS
  - geolocator_apple (1.2.0):
    - Flutter
    - FlutterMacOS
  - Google-Maps-iOS-Utils (5.0.0):
    - GoogleMaps (~> 8.0)
  - google_maps_flutter_ios (0.0.1):
    - Flutter
    - Google-Maps-iOS-Utils (< 7.0, >= 5.0)
    - GoogleMaps (< 11.0, >= 8.4)
  - GoogleMaps (8.4.0):
    - GoogleMaps/Maps (= 8.4.0)
  - GoogleMaps/Base (8.4.0)
  - GoogleMaps/Maps (8.4.0):
    - GoogleMaps/Base
  - GooglePlaces (8.5.0)
  - image_picker_ios (0.0.1):
    - Flutter
  - package_info_plus (0.4.5):
    - Flutter
  - widget_recorder_plus (1.0.2):
    - Flutter

DEPENDENCIES:
  - Flutter (from `Flutter`)
  - flutter_google_places_sdk_ios (from `.symlinks/plugins/flutter_google_places_sdk_ios/ios`)
  - flutter_social_share_plus (from `.symlinks/plugins/flutter_social_share_plus/ios`)
  - geocoding_darwin (from `.symlinks/plugins/geocoding_darwin/darwin`)
  - geolocator_apple (from `.symlinks/plugins/geolocator_apple/darwin`)
  - google_maps_flutter_ios (from `.symlinks/plugins/google_maps_flutter_ios/ios`)
  - image_picker_ios (from `.symlinks/plugins/image_picker_ios/ios`)
  - package_info_plus (from `.symlinks/plugins/package_info_plus/ios`)
  - widget_recorder_plus (from `.symlinks/plugins/widget_recorder_plus/ios`)

SPEC REPOS:
  trunk:
    - FBAEMKit
    - FBSDKCoreKit
    - FBSDKCoreKit_Basics
    - FBSDKShareKit
    - Google-Maps-iOS-Utils
    - GoogleMaps
    - GooglePlaces

EXTERNAL SOURCES:
  Flutter:
    :path: Flutter
  flutter_google_places_sdk_ios:
    :path: ".symlinks/plugins/flutter_google_places_sdk_ios/ios"
  flutter_social_share_plus:
    :path: ".symlinks/plugins/flutter_social_share_plus/ios"
  geocoding_darwin:
    :path: ".symlinks/plugins/geocoding_darwin/darwin"
  geolocator_apple:
    :path: ".symlinks/plugins/geolocator_apple/darwin"
  google_maps_flutter_ios:
    :path: ".symlinks/plugins/google_maps_flutter_ios/ios"
  image_picker_ios:
    :path: ".symlinks/plugins/image_picker_ios/ios"
  package_info_plus:
    :path: ".symlinks/plugins/package_info_plus/ios"
  widget_recorder_plus:
    :path: ".symlinks/plugins/widget_recorder_plus/ios"

SPEC CHECKSUMS:
  FBAEMKit: fbb0a50e13109400d0615e7630a0db26ec6b8206
  FBSDKCoreKit: 0063014b3b1f7e975e70b60232b0cf8003839746
  FBSDKCoreKit_Basics: f4a1e0f38769eb71abaf6395b85e015318fcda49
  FBSDKShareKit: b588264311416ed8d7eabe1333c552fc4b86aa48
  Flutter: cabc95a1d2626b1b06e7179b784ebcf0c0cde467
  flutter_google_places_sdk_ios: c2236643eea32395f32d1667651d796f4377996a
  flutter_social_share_plus: 6a280ba322c3936468cf68d336da7f87b10f2a0b
  geocoding_darwin: 968545604e6896deeef55517d53a81b3b9801971
  geolocator_apple: ab36aa0e8b7d7a2d7639b3b4e48308394e8cef5e
  Google-Maps-iOS-Utils: 66d6de12be1ce6d3742a54661e7a79cb317a9321
  google_maps_flutter_ios: 17552876e72723da1d41accc22f03b5f7afbde69
  GoogleMaps: 8939898920281c649150e0af74aa291c60f2e77d
  GooglePlaces: 426efb69051e7b460e16300ba63598687d10fa1a
  image_picker_ios: e0ece4aa2a75771a7de3fa735d26d90817041326
  package_info_plus: af8e2ca6888548050f16fa2f1938db7b5a5df499
  widget_recorder_plus: 49c4468e67a9343f699e106489affbf5538aef25

PODFILE CHECKSUM: 53a6aebc29ccee84c41f92f409fc20cd4ca011f1

COCOAPODS: 1.16.2
